
Microsoft Visual Studio Solution File, Format Version 12.00
# Visual Studio Version 16
VisualStudioVersion = 16.0.29519.181
MinimumVisualStudioVersion = 10.0.40219.1
Project("{FAE04EC0-301F-11D3-BF4B-00C04F79EFBC}") = "AT_Indicator", "AT_Indicator\AT_Indicator.csproj", "{99779220-9281-4274-A148-B295A0D37EE6}"
EndProject
Global
	GlobalSection(SolutionConfigurationPlatforms) = preSolution
		Debug|Any CPU = Debug|Any CPU
		Release|Any CPU = Release|Any CPU
	EndGlobalSection
	GlobalSection(ProjectConfigurationPlatforms) = postSolution
		{99779220-9281-4274-A148-B295A0D37EE6}.Debug|Any CPU.ActiveCfg = Debug|Any CPU
		{99779220-9281-4274-A148-B295A0D37EE6}.Debug|Any CPU.Build.0 = Debug|Any CPU
		{99779220-9281-4274-A148-B295A0D37EE6}.Release|Any CPU.ActiveCfg = Release|Any CPU
		{99779220-9281-4274-A148-B295A0D37EE6}.Release|Any CPU.Build.0 = Release|Any CPU
	EndGlobalSection
	GlobalSection(SolutionProperties) = preSolution
		HideSolutionNode = FALSE
	EndGlobalSection
	GlobalSection(ExtensibilityGlobals) = postSolution
		SolutionGuid = {9DD04E3E-743A-4D88-93CC-6C95E8181F3A}
	EndGlobalSection
EndGlobal
